
Microsoft Visual Studio Solution File, Format Version 12.00
# Visual Studio Version 17
VisualStudioVersion = 17.12.35707.178
MinimumVisualStudioVersion = 10.0.40219.1
Project("{FAE04EC0-301F-11D3-BF4B-00C04F79EFBC}") = "Application", "Application\Application.csproj", "{6C90077D-5C85-423D-A50A-40B591B72040}"
EndProject
Project("{FAE04EC0-301F-11D3-BF4B-00C04F79EFBC}") = "Domain", "Domain\Domain.csproj", "{C4DBCBD1-B9F4-4EBB-A24B-FC8B831C5EB0}"
EndProject
Project("{FAE04EC0-301F-11D3-BF4B-00C04F79EFBC}") = "Presentation", "Presentation\Presentation.csproj", "{416340DD-88B1-49D7-BEA0-AE9F59B29707}"
EndProject
Project("{FAE04EC0-301F-11D3-BF4B-00C04F79EFBC}") = "Services", "Services\Services.csproj", "{10C9F494-7131-4C02-AC0F-206048304B7E}"
EndProject
Project("{FAE04EC0-301F-11D3-BF4B-00C04F79EFBC}") = "Tests", "Tests\Tests.csproj", "{33782B20-4683-41D9-A4DB-67D31A21757A}"
EndProject
Global
	GlobalSection(SolutionConfigurationPlatforms) = preSolution
		Debug|Any CPU = Debug|Any CPU
		Release|Any CPU = Release|Any CPU
	EndGlobalSection
	GlobalSection(ProjectConfigurationPlatforms) = postSolution
		{6C90077D-5C85-423D-A50A-40B591B72040}.Debug|Any CPU.ActiveCfg = Debug|Any CPU
		{6C90077D-5C85-423D-A50A-40B591B72040}.Debug|Any CPU.Build.0 = Debug|Any CPU
		{6C90077D-5C85-423D-A50A-40B591B72040}.Release|Any CPU.ActiveCfg = Release|Any CPU
		{6C90077D-5C85-423D-A50A-40B591B72040}.Release|Any CPU.Build.0 = Release|Any CPU
		{C4DBCBD1-B9F4-4EBB-A24B-FC8B831C5EB0}.Debug|Any CPU.ActiveCfg = Debug|Any CPU
		{C4DBCBD1-B9F4-4EBB-A24B-FC8B831C5EB0}.Debug|Any CPU.Build.0 = Debug|Any CPU
		{C4DBCBD1-B9F4-4EBB-A24B-FC8B831C5EB0}.Release|Any CPU.ActiveCfg = Release|Any CPU
		{C4DBCBD1-B9F4-4EBB-A24B-FC8B831C5EB0}.Release|Any CPU.Build.0 = Release|Any CPU
		{416340DD-88B1-49D7-BEA0-AE9F59B29707}.Debug|Any CPU.ActiveCfg = Debug|Any CPU
		{416340DD-88B1-49D7-BEA0-AE9F59B29707}.Debug|Any CPU.Build.0 = Debug|Any CPU
		{416340DD-88B1-49D7-BEA0-AE9F59B29707}.Release|Any CPU.ActiveCfg = Release|Any CPU
		{416340DD-88B1-49D7-BEA0-AE9F59B29707}.Release|Any CPU.Build.0 = Release|Any CPU
		{10C9F494-7131-4C02-AC0F-206048304B7E}.Debug|Any CPU.ActiveCfg = Debug|Any CPU
		{10C9F494-7131-4C02-AC0F-206048304B7E}.Debug|Any CPU.Build.0 = Debug|Any CPU
		{10C9F494-7131-4C02-AC0F-206048304B7E}.Release|Any CPU.ActiveCfg = Release|Any CPU
		{10C9F494-7131-4C02-AC0F-206048304B7E}.Release|Any CPU.Build.0 = Release|Any CPU
		{33782B20-4683-41D9-A4DB-67D31A21757A}.Debug|Any CPU.ActiveCfg = Debug|Any CPU
		{33782B20-4683-41D9-A4DB-67D31A21757A}.Debug|Any CPU.Build.0 = Debug|Any CPU
		{33782B20-4683-41D9-A4DB-67D31A21757A}.Release|Any CPU.ActiveCfg = Release|Any CPU
		{33782B20-4683-41D9-A4DB-67D31A21757A}.Release|Any CPU.Build.0 = Release|Any CPU
	EndGlobalSection
	GlobalSection(SolutionProperties) = preSolution
		HideSolutionNode = FALSE
	EndGlobalSection
	GlobalSection(ExtensibilityGlobals) = postSolution
		SolutionGuid = {47C10A75-7568-426C-B653-7DD64C526156}
	EndGlobalSection
EndGlobal
